
Microsoft Visual Studio Solution File, Format Version 12.00
# Visual Studio 2012
Project("{8BC9CEB8-8B4A-11D0-8D11-00A0C91BC942}") = "FourCube", "FourCube.vcxproj", "{3A4C0F56-3F47-4702-849C-9EE1A799C727}"
EndProject
Project("{FAE04EC0-301F-11D3-BF4B-00C04F79EFBC}") = "FourCube.Samples.ConsoleApp", "samples\FourCube.Samples.ConsoleApp\FourCube.Samples.ConsoleApp.csproj", "{EEC1A3DA-5522-44D5-8C80-0E51522373AA}"
EndProject
Global
	GlobalSection(SolutionConfigurationPlatforms) = preSolution
		Debug|Any CPU = Debug|Any CPU
		Debug|Mixed Platforms = Debug|Mixed Platforms
		Debug|Win32 = Debug|Win32
		Release|Any CPU = Release|Any CPU
		Release|Mixed Platforms = Release|Mixed Platforms
		Release|Win32 = Release|Win32
	EndGlobalSection
	GlobalSection(ProjectConfigurationPlatforms) = postSolution
		{3A4C0F56-3F47-4702-849C-9EE1A799C727}.Debug|Any CPU.ActiveCfg = Debug|Win32
		{3A4C0F56-3F47-4702-849C-9EE1A799C727}.Debug|Mixed Platforms.ActiveCfg = Debug|Win32
		{3A4C0F56-3F47-4702-849C-9EE1A799C727}.Debug|Mixed Platforms.Build.0 = Debug|Win32
		{3A4C0F56-3F47-4702-849C-9EE1A799C727}.Debug|Win32.ActiveCfg = Debug|Win32
		{3A4C0F56-3F47-4702-849C-9EE1A799C727}.Debug|Win32.Build.0 = Debug|Win32
		{3A4C0F56-3F47-4702-849C-9EE1A799C727}.Release|Any CPU.ActiveCfg = Release|Win32
		{3A4C0F56-3F47-4702-849C-9EE1A799C727}.Release|Mixed Platforms.ActiveCfg = Release|Win32
		{3A4C0F56-3F47-4702-849C-9EE1A799C727}.Release|Mixed Platforms.Build.0 = Release|Win32
		{3A4C0F56-3F47-4702-849C-9EE1A799C727}.Release|Win32.ActiveCfg = Release|Win32
		{3A4C0F56-3F47-4702-849C-9EE1A799C727}.Release|Win32.Build.0 = Release|Win32
		{EEC1A3DA-5522-44D5-8C80-0E51522373AA}.Debug|Any CPU.ActiveCfg = Debug|Any CPU
		{EEC1A3DA-5522-44D5-8C80-0E51522373AA}.Debug|Any CPU.Build.0 = Debug|Any CPU
		{EEC1A3DA-5522-44D5-8C80-0E51522373AA}.Debug|Mixed Platforms.ActiveCfg = Debug|Any CPU
		{EEC1A3DA-5522-44D5-8C80-0E51522373AA}.Debug|Mixed Platforms.Build.0 = Debug|Any CPU
		{EEC1A3DA-5522-44D5-8C80-0E51522373AA}.Debug|Win32.ActiveCfg = Debug|Any CPU
		{EEC1A3DA-5522-44D5-8C80-0E51522373AA}.Release|Any CPU.ActiveCfg = Release|Any CPU
		{EEC1A3DA-5522-44D5-8C80-0E51522373AA}.Release|Any CPU.Build.0 = Release|Any CPU
		{EEC1A3DA-5522-44D5-8C80-0E51522373AA}.Release|Mixed Platforms.ActiveCfg = Release|Any CPU
		{EEC1A3DA-5522-44D5-8C80-0E51522373AA}.Release|Mixed Platforms.Build.0 = Release|Any CPU
		{EEC1A3DA-5522-44D5-8C80-0E51522373AA}.Release|Win32.ActiveCfg = Release|Any CPU
	EndGlobalSection
	GlobalSection(SolutionProperties) = preSolution
		HideSolutionNode = FALSE
	EndGlobalSection
EndGlobal
